// !$*UTF8*$!
{
	archiveVersion = 1;
	classes = {
	};
	objectVersion = 46;
	objects = {

/* Begin PBXBuildFile section */
		17BB0B7B1E54E7F00020A461 /* AppDelegate.swift in Sources */ = {isa = PBXBuildFile; fileRef = 17BB0B7A1E54E7F00020A461 /* AppDelegate.swift */; };
		17BB0B801E54E7F00020A461 /* Main.storyboard in Resources */ = {isa = PBXBuildFile; fileRef = 17BB0B7E1E54E7F00020A461 /* Main.storyboard */; };
		17BB0B831E54E7F00020A461 /* DreamLister.xcdatamodeld in Sources */ = {isa = PBXBuildFile; fileRef = 17BB0B811E54E7F00020A461 /* DreamLister.xcdatamodeld */; };
		17BB0B851E54E7F00020A461 /* Assets.xcassets in Resources */ = {isa = PBXBuildFile; fileRef = 17BB0B841E54E7F00020A461 /* Assets.xcassets */; };
		17BB0B881E54E7F00020A461 /* LaunchScreen.storyboard in Resources */ = {isa = PBXBuildFile; fileRef = 17BB0B861E54E7F00020A461 /* LaunchScreen.storyboard */; };
		17BB0BBB1E54FFBD0020A461 /* Store+CoreDataClass.swift in Sources */ = {isa = PBXBuildFile; fileRef = 17BB0BB31E54FFBD0020A461 /* Store+CoreDataClass.swift */; };
		17BB0BBC1E54FFBD0020A461 /* Store+CoreDataProperties.swift in Sources */ = {isa = PBXBuildFile; fileRef = 17BB0BB41E54FFBD0020A461 /* Store+CoreDataProperties.swift */; };
		17BB0BBD1E54FFBD0020A461 /* Image+CoreDataClass.swift in Sources */ = {isa = PBXBuildFile; fileRef = 17BB0BB51E54FFBD0020A461 /* Image+CoreDataClass.swift */; };
		17BB0BBE1E54FFBD0020A461 /* Image+CoreDataProperties.swift in Sources */ = {isa = PBXBuildFile; fileRef = 17BB0BB61E54FFBD0020A461 /* Image+CoreDataProperties.swift */; };
		17BB0BBF1E54FFBD0020A461 /* Item+CoreDataClass.swift in Sources */ = {isa = PBXBuildFile; fileRef = 17BB0BB71E54FFBD0020A461 /* Item+CoreDataClass.swift */; };
		17BB0BC01E54FFBD0020A461 /* Item+CoreDataProperties.swift in Sources */ = {isa = PBXBuildFile; fileRef = 17BB0BB81E54FFBD0020A461 /* Item+CoreDataProperties.swift */; };
		17BB0BC11E54FFBD0020A461 /* ItemType+CoreDataClass.swift in Sources */ = {isa = PBXBuildFile; fileRef = 17BB0BB91E54FFBD0020A461 /* ItemType+CoreDataClass.swift */; };
		17BB0BC21E54FFBD0020A461 /* ItemType+CoreDataProperties.swift in Sources */ = {isa = PBXBuildFile; fileRef = 17BB0BBA1E54FFBD0020A461 /* ItemType+CoreDataProperties.swift */; };
		17BB0BC41E5506D50020A461 /* MaterialView.swift in Sources */ = {isa = PBXBuildFile; fileRef = 17BB0BC31E5506D50020A461 /* MaterialView.swift */; };
		17BB0BC61E5508F70020A461 /* ItemCell.swift in Sources */ = {isa = PBXBuildFile; fileRef = 17BB0BC51E5508F70020A461 /* ItemCell.swift */; };
		17BB0BC81E550A7E0020A461 /* mainVC.swift in Sources */ = {isa = PBXBuildFile; fileRef = 17BB0BC71E550A7E0020A461 /* mainVC.swift */; };
		17BB0BCB1E551C920020A461 /* ItemDetailsVC.swift in Sources */ = {isa = PBXBuildFile; fileRef = 17BB0BCA1E551C920020A461 /* ItemDetailsVC.swift */; };
/* End PBXBuildFile section */

/* Begin PBXFileReference section */
		17BB0B771E54E7EF0020A461 /* DreamLister.app */ = {isa = PBXFileReference; explicitFileType = wrapper.application; includeInIndex = 0; path = DreamLister.app; sourceTree = BUILT_PRODUCTS_DIR; };
		17BB0B7A1E54E7F00020A461 /* AppDelegate.swift */ = {isa = PBXFileReference; lastKnownFileType = sourcecode.swift; path = AppDelegate.swift; sourceTree = "<group>"; };
		17BB0B7F1E54E7F00020A461 /* Base */ = {isa = PBXFileReference; lastKnownFileType = file.storyboard; name = Base; path = Base.lproj/Main.storyboard; sourceTree = "<group>"; };
		17BB0B821E54E7F00020A461 /* DreamLister.xcdatamodel */ = {isa = PBXFileReference; lastKnownFileType = wrapper.xcdatamodel; path = DreamLister.xcdatamodel; sourceTree = "<group>"; };
		17BB0B841E54E7F00020A461 /* Assets.xcassets */ = {isa = PBXFileReference; lastKnownFileType = folder.assetcatalog; path = Assets.xcassets; sourceTree = "<group>"; };
		17BB0B871E54E7F00020A461 /* Base */ = {isa = PBXFileReference; lastKnownFileType = file.storyboard; name = Base; path = Base.lproj/LaunchScreen.storyboard; sourceTree = "<group>"; };
		17BB0B891E54E7F00020A461 /* Info.plist */ = {isa = PBXFileReference; lastKnownFileType = text.plist.xml; path = Info.plist; sourceTree = "<group>"; };
		17BB0BB31E54FFBD0020A461 /* Store+CoreDataClass.swift */ = {isa = PBXFileReference; fileEncoding = 4; lastKnownFileType = sourcecode.swift; path = "Store+CoreDataClass.swift"; sourceTree = "<group>"; };
		17BB0BB41E54FFBD0020A461 /* Store+CoreDataProperties.swift */ = {isa = PBXFileReference; fileEncoding = 4; lastKnownFileType = sourcecode.swift; path = "Store+CoreDataProperties.swift"; sourceTree = "<group>"; };
		17BB0BB51E54FFBD0020A461 /* Image+CoreDataClass.swift */ = {isa = PBXFileReference; fileEncoding = 4; lastKnownFileType = sourcecode.swift; path = "Image+CoreDataClass.swift"; sourceTree = "<group>"; };
		17BB0BB61E54FFBD0020A461 /* Image+CoreDataProperties.swift */ = {isa = PBXFileReference; fileEncoding = 4; lastKnownFileType = sourcecode.swift; path = "Image+CoreDataProperties.swift"; sourceTree = "<group>"; };
		17BB0BB71E54FFBD0020A461 /* Item+CoreDataClass.swift */ = {isa = PBXFileReference; fileEncoding = 4; lastKnownFileType = sourcecode.swift; path = "Item+CoreDataClass.swift"; sourceTree = "<group>"; };
		17BB0BB81E54FFBD0020A461 /* Item+CoreDataProperties.swift */ = {isa = PBXFileReference; fileEncoding = 4; lastKnownFileType = sourcecode.swift; path = "Item+CoreDataProperties.swift"; sourceTree = "<group>"; };
		17BB0BB91E54FFBD0020A461 /* ItemType+CoreDataClass.swift */ = {isa = PBXFileReference; fileEncoding = 4; lastKnownFileType = sourcecode.swift; path = "ItemType+CoreDataClass.swift"; sourceTree = "<group>"; };
		17BB0BBA1E54FFBD0020A461 /* ItemType+CoreDataProperties.swift */ = {isa = PBXFileReference; fileEncoding = 4; lastKnownFileType = sourcecode.swift; path = "ItemType+CoreDataProperties.swift"; sourceTree = "<group>"; };
		17BB0BC31E5506D50020A461 /* MaterialView.swift */ = {isa = PBXFileReference; fileEncoding = 4; lastKnownFileType = sourcecode.swift; path = MaterialView.swift; sourceTree = "<group>"; };
		17BB0BC51E5508F70020A461 /* ItemCell.swift */ = {isa = PBXFileReference; fileEncoding = 4; lastKnownFileType = sourcecode.swift; path = ItemCell.swift; sourceTree = "<group>"; };
		17BB0BC71E550A7E0020A461 /* mainVC.swift */ = {isa = PBXFileReference; fileEncoding = 4; lastKnownFileType = sourcecode.swift; path = mainVC.swift; sourceTree = "<group>"; };
		17BB0BCA1E551C920020A461 /* ItemDetailsVC.swift */ = {isa = PBXFileReference; fileEncoding = 4; lastKnownFileType = sourcecode.swift; path = ItemDetailsVC.swift; sourceTree = "<group>"; };
/* End PBXFileReference section */

/* Begin PBXFrameworksBuildPhase section */
		17BB0B741E54E7EF0020A461 /* Frameworks */ = {
			isa = PBXFrameworksBuildPhase;
			buildActionMask = 2147483647;
			files = (
			);
			runOnlyForDeploymentPostprocessing = 0;
		};
/* End PBXFrameworksBuildPhase section */

/* Begin PBXGroup section */
		17BB0B6E1E54E7EF0020A461 = {
			isa = PBXGroup;
			children = (
				17BB0B791E54E7EF0020A461 /* DreamLister */,
				17BB0B781E54E7EF0020A461 /* Products */,
			);
			sourceTree = "<group>";
		};
		17BB0B781E54E7EF0020A461 /* Products */ = {
			isa = PBXGroup;
			children = (
				17BB0B771E54E7EF0020A461 /* DreamLister.app */,
			);
			name = Products;
			sourceTree = "<group>";
		};
		17BB0B791E54E7EF0020A461 /* DreamLister */ = {
			isa = PBXGroup;
			children = (
				17BB0BC91E551C4C0020A461 /* Controller */,
				17BB0BA01E54FB330020A461 /* View */,
				17BB0B9F1E54FB2D0020A461 /* Model */,
				17BB0B7A1E54E7F00020A461 /* AppDelegate.swift */,
				17BB0B7E1E54E7F00020A461 /* Main.storyboard */,
				17BB0B841E54E7F00020A461 /* Assets.xcassets */,
				17BB0B861E54E7F00020A461 /* LaunchScreen.storyboard */,
				17BB0B891E54E7F00020A461 /* Info.plist */,
				17BB0B811E54E7F00020A461 /* DreamLister.xcdatamodeld */,
			);
			path = DreamLister;
			sourceTree = "<group>";
		};
		17BB0B9F1E54FB2D0020A461 /* Model */ = {
			isa = PBXGroup;
			children = (
				17BB0BB31E54FFBD0020A461 /* Store+CoreDataClass.swift */,
				17BB0BB51E54FFBD0020A461 /* Image+CoreDataClass.swift */,
				17BB0BB71E54FFBD0020A461 /* Item+CoreDataClass.swift */,
				17BB0BB91E54FFBD0020A461 /* ItemType+CoreDataClass.swift */,
				17BB0BB21E54FEB80020A461 /* generated */,
			);
			name = Model;
			sourceTree = "<group>";
		};
		17BB0BA01E54FB330020A461 /* View */ = {
			isa = PBXGroup;
			children = (
				17BB0BC31E5506D50020A461 /* MaterialView.swift */,
				17BB0BC51E5508F70020A461 /* ItemCell.swift */,
			);
			name = View;
			sourceTree = "<group>";
		};
		17BB0BB21E54FEB80020A461 /* generated */ = {
			isa = PBXGroup;
			children = (
				17BB0BB41E54FFBD0020A461 /* Store+CoreDataProperties.swift */,
				17BB0BB61E54FFBD0020A461 /* Image+CoreDataProperties.swift */,
				17BB0BB81E54FFBD0020A461 /* Item+CoreDataProperties.swift */,
				17BB0BBA1E54FFBD0020A461 /* ItemType+CoreDataProperties.swift */,
			);
			name = generated;
			sourceTree = "<group>";
		};
		17BB0BC91E551C4C0020A461 /* Controller */ = {
			isa = PBXGroup;
			children = (
				17BB0BC71E550A7E0020A461 /* mainVC.swift */,
				17BB0BCA1E551C920020A461 /* ItemDetailsVC.swift */,
			);
			name = Controller;
			sourceTree = "<group>";
		};
/* End PBXGroup section */

/* Begin PBXNativeTarget section */
		17BB0B761E54E7EF0020A461 /* DreamLister */ = {
			isa = PBXNativeTarget;
			buildConfigurationList = 17BB0B8C1E54E7F00020A461 /* Build configuration list for PBXNativeTarget "DreamLister" */;
			buildPhases = (
				17BB0B731E54E7EF0020A461 /* Sources */,
				17BB0B741E54E7EF0020A461 /* Frameworks */,
				17BB0B751E54E7EF0020A461 /* Resources */,
			);
			buildRules = (
			);
			dependencies = (
			);
			name = DreamLister;
			productName = DreamLister;
			productReference = 17BB0B771E54E7EF0020A461 /* DreamLister.app */;
			productType = "com.apple.product-type.application";
		};
/* End PBXNativeTarget section */

/* Begin PBXProject section */
		17BB0B6F1E54E7EF0020A461 /* Project object */ = {
			isa = PBXProject;
			attributes = {
				LastSwiftUpdateCheck = 0820;
				LastUpgradeCheck = 0820;
				ORGANIZATIONNAME = "LionMane Software";
				TargetAttributes = {
					17BB0B761E54E7EF0020A461 = {
						CreatedOnToolsVersion = 8.2.1;
						ProvisioningStyle = Automatic;
					};
				};
			};
			buildConfigurationList = 17BB0B721E54E7EF0020A461 /* Build configuration list for PBXProject "DreamLister" */;
			compatibilityVersion = "Xcode 3.2";
			developmentRegion = English;
			hasScannedForEncodings = 0;
			knownRegions = (
				en,
				Base,
			);
			mainGroup = 17BB0B6E1E54E7EF0020A461;
			productRefGroup = 17BB0B781E54E7EF0020A461 /* Products */;
			projectDirPath = "";
			projectRoot = "";
			targets = (
				17BB0B761E54E7EF0020A461 /* DreamLister */,
			);
		};
/* End PBXProject section */

/* Begin PBXResourcesBuildPhase section */
		17BB0B751E54E7EF0020A461 /* Resources */ = {
			isa = PBXResourcesBuildPhase;
			buildActionMask = 2147483647;
			files = (
				17BB0B881E54E7F00020A461 /* LaunchScreen.storyboard in Resources */,
				17BB0B851E54E7F00020A461 /* Assets.xcassets in Resources */,
				17BB0B801E54E7F00020A461 /* Main.storyboard in Resources */,
			);
			runOnlyForDeploymentPostprocessing = 0;
		};
/* End PBXResourcesBuildPhase section */

/* Begin PBXSourcesBuildPhase section */
		17BB0B731E54E7EF0020A461 /* Sources */ = {
			isa = PBXSourcesBuildPhase;
			buildActionMask = 2147483647;
			files = (
				17BB0BC61E5508F70020A461 /* ItemCell.swift in Sources */,
				17BB0BBC1E54FFBD0020A461 /* Store+CoreDataProperties.swift in Sources */,
				17BB0BC11E54FFBD0020A461 /* ItemType+CoreDataClass.swift in Sources */,
				17BB0BC41E5506D50020A461 /* MaterialView.swift in Sources */,
				17BB0BBB1E54FFBD0020A461 /* Store+CoreDataClass.swift in Sources */,
				17BB0BBD1E54FFBD0020A461 /* Image+CoreDataClass.swift in Sources */,
				17BB0B7B1E54E7F00020A461 /* AppDelegate.swift in Sources */,
				17BB0B831E54E7F00020A461 /* DreamLister.xcdatamodeld in Sources */,
				17BB0BCB1E551C920020A461 /* ItemDetailsVC.swift in Sources */,
				17BB0BC21E54FFBD0020A461 /* ItemType+CoreDataProperties.swift in Sources */,
				17BB0BC01E54FFBD0020A461 /* Item+CoreDataProperties.swift in Sources */,
				17BB0BBF1E54FFBD0020A461 /* Item+CoreDataClass.swift in Sources */,
				17BB0BBE1E54FFBD0020A461 /* Image+CoreDataProperties.swift in Sources */,
				17BB0BC81E550A7E0020A461 /* mainVC.swift in Sources */,
			);
			runOnlyForDeploymentPostprocessing = 0;
		};
/* End PBXSourcesBuildPhase section */

/* Begin PBXVariantGroup section */
		17BB0B7E1E54E7F00020A461 /* Main.storyboard */ = {
			isa = PBXVariantGroup;
			children = (
				17BB0B7F1E54E7F00020A461 /* Base */,
			);
			name = Main.storyboard;
			sourceTree = "<group>";
		};
		17BB0B861E54E7F00020A461 /* LaunchScreen.storyboard */ = {
			isa = PBXVariantGroup;
			children = (
				17BB0B871E54E7F00020A461 /* Base */,
			);
			name = LaunchScreen.storyboard;
			sourceTree = "<group>";
		};
/* End PBXVariantGroup section */

/* Begin XCBuildConfiguration section */
		17BB0B8A1E54E7F00020A461 /* Debug */ = {
			isa = XCBuildConfiguration;
			buildSettings = {
				ALWAYS_SEARCH_USER_PATHS = NO;
				CLANG_ANALYZER_NONNULL = YES;
				CLANG_CXX_LANGUAGE_STANDARD = "gnu++0x";
				CLANG_CXX_LIBRARY = "libc++";
				CLANG_ENABLE_MODULES = YES;
				CLANG_ENABLE_OBJC_ARC = YES;
				CLANG_WARN_BOOL_CONVERSION = YES;
				CLANG_WARN_CONSTANT_CONVERSION = YES;
				CLANG_WARN_DIRECT_OBJC_ISA_USAGE = YES_ERROR;
				CLANG_WARN_DOCUMENTATION_COMMENTS = YES;
				CLANG_WARN_EMPTY_BODY = YES;
				CLANG_WARN_ENUM_CONVERSION = YES;
				CLANG_WARN_INFINITE_RECURSION = YES;
				CLANG_WARN_INT_CONVERSION = YES;
				CLANG_WARN_OBJC_ROOT_CLASS = YES_ERROR;
				CLANG_WARN_SUSPICIOUS_MOVE = YES;
				CLANG_WARN_UNREACHABLE_CODE = YES;
				CLANG_WARN__DUPLICATE_METHOD_MATCH = YES;
				"CODE_SIGN_IDENTITY[sdk=iphoneos*]" = "iPhone Developer";
				COPY_PHASE_STRIP = NO;
				DEBUG_INFORMATION_FORMAT = dwarf;
				ENABLE_STRICT_OBJC_MSGSEND = YES;
				ENABLE_TESTABILITY = YES;
				GCC_C_LANGUAGE_STANDARD = gnu99;
				GCC_DYNAMIC_NO_PIC = NO;
				GCC_NO_COMMON_BLOCKS = YES;
				GCC_OPTIMIZATION_LEVEL = 0;
				GCC_PREPROCESSOR_DEFINITIONS = (
					"DEBUG=1",
					"$(inherited)",
				);
				GCC_WARN_64_TO_32_BIT_CONVERSION = YES;
				GCC_WARN_ABOUT_RETURN_TYPE = YES_ERROR;
				GCC_WARN_UNDECLARED_SELECTOR = YES;
				GCC_WARN_UNINITIALIZED_AUTOS = YES_AGGRESSIVE;
				GCC_WARN_UNUSED_FUNCTION = YES;
				GCC_WARN_UNUSED_VARIABLE = YES;
				IPHONEOS_DEPLOYMENT_TARGET = 10.2;
				MTL_ENABLE_DEBUG_INFO = YES;
				ONLY_ACTIVE_ARCH = YES;
				SDKROOT = iphoneos;
				SWIFT_ACTIVE_COMPILATION_CONDITIONS = DEBUG;
				SWIFT_OPTIMIZATION_LEVEL = "-Onone";
				TARGETED_DEVICE_FAMILY = "1,2";
			};
			name = Debug;
		};
		17BB0B8B1E54E7F00020A461 /* Release */ = {
			isa = XCBuildConfiguration;
			buildSettings = {
				ALWAYS_SEARCH_USER_PATHS = NO;
				CLANG_ANALYZER_NONNULL = YES;
				CLANG_CXX_LANGUAGE_STANDARD = "gnu++0x";
				CLANG_CXX_LIBRARY = "libc++";
				CLANG_ENABLE_MODULES = YES;
				CLANG_ENABLE_OBJC_ARC = YES;
				CLANG_WARN_BOOL_CONVERSION = YES;
				CLANG_WARN_CONSTANT_CONVERSION = YES;
				CLANG_WARN_DIRECT_OBJC_ISA_USAGE = YES_ERROR;
				CLANG_WARN_DOCUMENTATION_COMMENTS = YES;
				CLANG_WARN_EMPTY_BODY = YES;
				CLANG_WARN_ENUM_CONVERSION = YES;
				CLANG_WARN_INFINITE_RECURSION = YES;
				CLANG_WARN_INT_CONVERSION = YES;
				CLANG_WARN_OBJC_ROOT_CLASS = YES_ERROR;
				CLANG_WARN_SUSPICIOUS_MOVE = YES;
				CLANG_WARN_UNREACHABLE_CODE = YES;
				CLANG_WARN__DUPLICATE_METHOD_MATCH = YES;
				"CODE_SIGN_IDENTITY[sdk=iphoneos*]" = "iPhone Developer";
				COPY_PHASE_STRIP = NO;
				DEBUG_INFORMATION_FORMAT = "dwarf-with-dsym";
				ENABLE_NS_ASSERTIONS = NO;
				ENABLE_STRICT_OBJC_MSGSEND = YES;
				GCC_C_LANGUAGE_STANDARD = gnu99;
				GCC_NO_COMMON_BLOCKS = YES;
				GCC_WARN_64_TO_32_BIT_CONVERSION = YES;
				GCC_WARN_ABOUT_RETURN_TYPE = YES_ERROR;
				GCC_WARN_UNDECLARED_SELECTOR = YES;
				GCC_WARN_UNINITIALIZED_AUTOS = YES_AGGRESSIVE;
				GCC_WARN_UNUSED_FUNCTION = YES;
				GCC_WARN_UNUSED_VARIABLE = YES;
				IPHONEOS_DEPLOYMENT_TARGET = 10.2;
				MTL_ENABLE_DEBUG_INFO = NO;
				SDKROOT = iphoneos;
				SWIFT_OPTIMIZATION_LEVEL = "-Owholemodule";
				TARGETED_DEVICE_FAMILY = "1,2";
				VALIDATE_PRODUCT = YES;
			};
			name = Release;
		};
		17BB0B8D1E54E7F00020A461 /* Debug */ = {
			isa = XCBuildConfiguration;
			buildSettings = {
				ASSETCATALOG_COMPILER_APPICON_NAME = AppIcon;
				INFOPLIST_FILE = DreamLister/Info.plist;
				LD_RUNPATH_SEARCH_PATHS = "$(inherited) @executable_path/Frameworks";
				PRODUCT_BUNDLE_IDENTIFIER = lionmane.DreamLister;
				PRODUCT_NAME = "$(TARGET_NAME)";
				SWIFT_VERSION = 3.0;
			};
			name = Debug;
		};
		17BB0B8E1E54E7F00020A461 /* Release */ = {
			isa = XCBuildConfiguration;
			buildSettings = {
				ASSETCATALOG_COMPILER_APPICON_NAME = AppIcon;
				INFOPLIST_FILE = DreamLister/Info.plist;
				LD_RUNPATH_SEARCH_PATHS = "$(inherited) @executable_path/Frameworks";
				PRODUCT_BUNDLE_IDENTIFIER = lionmane.DreamLister;
				PRODUCT_NAME = "$(TARGET_NAME)";
				SWIFT_VERSION = 3.0;
			};
			name = Release;
		};
/* End XCBuildConfiguration section */

/* Begin XCConfigurationList section */
		17BB0B721E54E7EF0020A461 /* Build configuration list for PBXProject "DreamLister" */ = {
			isa = XCConfigurationList;
			buildConfigurations = (
				17BB0B8A1E54E7F00020A461 /* Debug */,
				17BB0B8B1E54E7F00020A461 /* Release */,
			);
			defaultConfigurationIsVisible = 0;
			defaultConfigurationName = Release;
		};
		17BB0B8C1E54E7F00020A461 /* Build configuration list for PBXNativeTarget "DreamLister" */ = {
			isa = XCConfigurationList;
			buildConfigurations = (
				17BB0B8D1E54E7F00020A461 /* Debug */,
				17BB0B8E1E54E7F00020A461 /* Release */,
			);
			defaultConfigurationIsVisible = 0;
			defaultConfigurationName = Release;
		};
/* End XCConfigurationList section */

/* Begin XCVersionGroup section */
		17BB0B811E54E7F00020A461 /* DreamLister.xcdatamodeld */ = {
			isa = XCVersionGroup;
			children = (
				17BB0B821E54E7F00020A461 /* DreamLister.xcdatamodel */,
			);
			currentVersion = 17BB0B821E54E7F00020A461 /* DreamLister.xcdatamodel */;
			path = DreamLister.xcdatamodeld;
			sourceTree = "<group>";
			versionGroupType = wrapper.xcdatamodel;
		};
/* End XCVersionGroup section */
	};
	rootObject = 17BB0B6F1E54E7EF0020A461 /* Project object */;
}
